{
  "version": 3,
  "targets": {
    "net6.0-windows7.0": {
      "Syncfusion.Data.WPF/21.2.3": {
        "type": "package",
        "compile": {
          "lib/net6.0-windows7.0/Syncfusion.Data.WPF.dll": {
            "related": ".xml"
          }
        },
        "runtime": {
          "lib/net6.0-windows7.0/Syncfusion.Data.WPF.dll": {
            "related": ".xml"
          }
        }
      },
      "Syncfusion.GridCommon.Wpf/21.2.3": {
        "type": "package",
        "compile": {
          "lib/net6.0-windows7.0/Syncfusion.GridCommon.WPF.dll": {
            "related": ".xml"
          }
        },
        "runtime": {
          "lib/net6.0-windows7.0/Syncfusion.GridCommon.WPF.dll": {
            "related": ".xml"
          }
        }
      },
      "Syncfusion.Licensing/21.2.3": {
        "type": "package",
        "compile": {
          "lib/net6.0-windows7.0/Syncfusion.Licensing.dll": {}
        },
        "runtime": {
          "lib/net6.0-windows7.0/Syncfusion.Licensing.dll": {}
        }
      },
      "Syncfusion.Linq.Base/21.2.3": {
        "type": "package",
        "compile": {
          "lib/net6.0-windows7.0/Syncfusion.Linq.Base.dll": {
            "related": ".xml"
          }
        },
        "runtime": {
          "lib/net6.0-windows7.0/Syncfusion.Linq.Base.dll": {
            "related": ".xml"
          }
        }
      },
      "Syncfusion.SfChart.WPF/21.2.3": {
        "type": "package",
        "dependencies": {
          "Syncfusion.Licensing": "21.2.3"
        },
        "compile": {
          "lib/net6.0-windows7.0/Syncfusion.SfChart.WPF.dll": {
            "related": ".xml"
          }
        },
        "runtime": {
          "lib/net6.0-windows7.0/Syncfusion.SfChart.WPF.dll": {
            "related": ".xml"
          }
        }
      },
      "Syncfusion.SfGrid.WPF/21.2.3": {
        "type": "package",
        "dependencies": {
          "Syncfusion.Data.WPF": "21.2.3",
          "Syncfusion.Licensing": "21.2.3",
          "Syncfusion.Shared.WPF": "21.2.3"
        },
        "compile": {
          "lib/net6.0-windows7.0/Syncfusion.SfGrid.WPF.dll": {
            "related": ".xml"
          }
        },
        "runtime": {
          "lib/net6.0-windows7.0/Syncfusion.SfGrid.WPF.dll": {
            "related": ".xml"
          }
        }
      },
      "Syncfusion.SfSkinManager.WPF/21.2.3": {
        "type": "package",
        "dependencies": {
          "Syncfusion.Licensing": "21.2.3"
        },
        "compile": {
          "lib/net6.0-windows7.0/Syncfusion.SfSkinManager.WPF.dll": {
            "related": ".xml"
          }
        },
        "runtime": {
          "lib/net6.0-windows7.0/Syncfusion.SfSkinManager.WPF.dll": {
            "related": ".xml"
          }
        }
      },
      "Syncfusion.Shared.WPF/21.2.3": {
        "type": "package",
        "dependencies": {
          "Syncfusion.Licensing": "21.2.3"
        },
        "compile": {
          "lib/net6.0-windows7.0/Syncfusion.Shared.WPF.dll": {
            "related": ".xml"
          }
        },
        "runtime": {
          "lib/net6.0-windows7.0/Syncfusion.Shared.WPF.dll": {
            "related": ".xml"
          }
        }
      },
      "Syncfusion.Themes.FluentLight.WPF/21.2.3": {
        "type": "package",
        "dependencies": {
          "Syncfusion.Licensing": "21.2.3",
          "Syncfusion.SfSkinManager.WPF": "21.2.3"
        },
        "compile": {
          "lib/net6.0-windows7.0/Syncfusion.Themes.FluentLight.WPF.dll": {
            "related": ".xml"
          }
        },
        "runtime": {
          "lib/net6.0-windows7.0/Syncfusion.Themes.FluentLight.WPF.dll": {
            "related": ".xml"
          }
        }
      }
    }
  },
  "libraries": {
    "Syncfusion.Data.WPF/21.2.3": {
      "sha512": "1SKyBq26ZWLL1FGmiettRfmEDWDw7ykWRxcpYo8OZI3gZXE9UmryV/u70pA3/7yZ72Z3SFK47ucgRNb3UaQNog==",
      "type": "package",
      "path": "syncfusion.data.wpf/21.2.3",
      "files": [
        ".nupkg.metadata",
        ".signature.p7s",
        "LICENSE.txt",
        "lib/net40/Syncfusion.Data.WPF.dll",
        "lib/net40/Syncfusion.Data.WPF.xml",
        "lib/net45/Syncfusion.Data.WPF.dll",
        "lib/net45/Syncfusion.Data.WPF.xml",
        "lib/net451/Syncfusion.Data.WPF.dll",
        "lib/net451/Syncfusion.Data.WPF.xml",
        "lib/net46/Syncfusion.Data.WPF.dll",
        "lib/net46/Syncfusion.Data.WPF.xml",
        "lib/net6.0-windows7.0/Syncfusion.Data.WPF.dll",
        "lib/net6.0-windows7.0/Syncfusion.Data.WPF.xml",
        "syncfusion.data.wpf.21.2.3.nupkg.sha512",
        "syncfusion.data.wpf.nuspec",
        "syncfusion_logo.png"
      ]
    },
    "Syncfusion.GridCommon.Wpf/21.2.3": {
      "sha512": "wdYiQ+6lM1PepR/EoL0ER0Udd9nWit3OK1NG21omzkYyOGXAw5OuR8Lw26221S5RjoGITw0jxiA+DQP6iK7/ag==",
      "type": "package",
      "path": "syncfusion.gridcommon.wpf/21.2.3",
      "files": [
        ".nupkg.metadata",
        ".signature.p7s",
        "LICENSE.txt",
        "lib/net40/Syncfusion.GridCommon.WPF.dll",
        "lib/net40/Syncfusion.GridCommon.WPF.xml",
        "lib/net45/Syncfusion.GridCommon.WPF.dll",
        "lib/net45/Syncfusion.GridCommon.WPF.xml",
        "lib/net451/Syncfusion.GridCommon.WPF.dll",
        "lib/net451/Syncfusion.GridCommon.WPF.xml",
        "lib/net46/Syncfusion.GridCommon.WPF.dll",
        "lib/net46/Syncfusion.GridCommon.WPF.xml",
        "lib/net6.0-windows7.0/Syncfusion.GridCommon.WPF.dll",
        "lib/net6.0-windows7.0/Syncfusion.GridCommon.WPF.xml",
        "syncfusion.gridcommon.wpf.21.2.3.nupkg.sha512",
        "syncfusion.gridcommon.wpf.nuspec",
        "syncfusion_logo.png"
      ]
    },
    "Syncfusion.Licensing/21.2.3": {
      "sha512": "9ZS+tE48qD3jtE0brkf0ZA5JnvxHOxll6IwJb7kNoJuJPuOUwLUGSmJ82fQ5VFRO5VtwONvKHDnvdJ5nAzeXKw==",
      "type": "package",
      "path": "syncfusion.licensing/21.2.3",
      "files": [
        ".nupkg.metadata",
        ".signature.p7s",
        "LICENSE.txt",
        "lib/MonoAndroid90/Syncfusion.Licensing.dll",
        "lib/Xamarin.Mac/Syncfusion.Licensing.dll",
        "lib/Xamarin.iOS10/Syncfusion.Licensing.dll",
        "lib/net40/Syncfusion.Licensing.dll",
        "lib/net45/Syncfusion.Licensing.dll",
        "lib/net451/Syncfusion.Licensing.dll",
        "lib/net46/Syncfusion.Licensing.dll",
        "lib/net6.0-windows7.0/Syncfusion.Licensing.dll",
        "lib/net6.0/Syncfusion.Licensing.dll",
        "lib/net7.0-windows7.0/Syncfusion.Licensing.dll",
        "lib/net7.0/Syncfusion.Licensing.dll",
        "lib/netstandard2.0/Syncfusion.Licensing.dll",
        "lib/uap10.0/Syncfusion.Licensing.dll",
        "syncfusion.licensing.21.2.3.nupkg.sha512",
        "syncfusion.licensing.nuspec",
        "syncfusion_logo.png"
      ]
    },
    "Syncfusion.Linq.Base/21.2.3": {
      "sha512": "mb+mpp+C77S7j/ZwTi7OweUrgGygwX840rYfje08Z/4ld1thxsikiYrPEKCpdApx8Im6xAM0903gcpt1VbfMZg==",
      "type": "package",
      "path": "syncfusion.linq.base/21.2.3",
      "files": [
        ".nupkg.metadata",
        ".signature.p7s",
        "LICENSE.txt",
        "lib/net40/Syncfusion.Linq.Base.dll",
        "lib/net40/Syncfusion.Linq.Base.xml",
        "lib/net45/Syncfusion.Linq.Base.dll",
        "lib/net45/Syncfusion.Linq.Base.xml",
        "lib/net451/Syncfusion.Linq.Base.dll",
        "lib/net451/Syncfusion.Linq.Base.xml",
        "lib/net46/Syncfusion.Linq.Base.dll",
        "lib/net46/Syncfusion.Linq.Base.xml",
        "lib/net6.0-windows7.0/Syncfusion.Linq.Base.dll",
        "lib/net6.0-windows7.0/Syncfusion.Linq.Base.xml",
        "syncfusion.linq.base.21.2.3.nupkg.sha512",
        "syncfusion.linq.base.nuspec",
        "syncfusion_logo.png"
      ]
    },
    "Syncfusion.SfChart.WPF/21.2.3": {
      "sha512": "qG6fMDOCRlQn3OV5CJi0a+mNi47NP9aSaYmcHnqvPgw2dInJ5XoWjm9F+R4oSoU5qKry5EoXh9BwqGBB1X8XmQ==",
      "type": "package",
      "path": "syncfusion.sfchart.wpf/21.2.3",
      "hasTools": true,
      "files": [
        ".nupkg.metadata",
        ".signature.p7s",
        "LICENSE.txt",
        "README.md",
        "lib/net40/Design/Syncfusion.Design.Wpf.dll",
        "lib/net40/Design/Syncfusion.SfChart.WPF.DesignTools.dll",
        "lib/net40/Design/Syncfusion.SfChart.WPF.Expression.Design.dll",
        "lib/net40/Design/Syncfusion.SfChart.WPF.VisualStudio.Design.dll",
        "lib/net40/Syncfusion.SfChart.WPF.dll",
        "lib/net40/Syncfusion.SfChart.WPF.xml",
        "lib/net45/Design/Syncfusion.Design.Wpf.dll",
        "lib/net45/Design/Syncfusion.SfChart.WPF.DesignTools.dll",
        "lib/net45/Design/Syncfusion.SfChart.WPF.Expression.Design.dll",
        "lib/net45/Design/Syncfusion.SfChart.WPF.VisualStudio.Design.dll",
        "lib/net45/Syncfusion.SfChart.WPF.dll",
        "lib/net45/Syncfusion.SfChart.WPF.xml",
        "lib/net451/Design/Syncfusion.Design.Wpf.dll",
        "lib/net451/Design/Syncfusion.SfChart.WPF.DesignTools.dll",
        "lib/net451/Design/Syncfusion.SfChart.WPF.Expression.Design.dll",
        "lib/net451/Design/Syncfusion.SfChart.WPF.VisualStudio.Design.dll",
        "lib/net451/Syncfusion.SfChart.WPF.dll",
        "lib/net451/Syncfusion.SfChart.WPF.xml",
        "lib/net46/Design/Syncfusion.Design.Wpf.dll",
        "lib/net46/Design/Syncfusion.SfChart.WPF.DesignTools.dll",
        "lib/net46/Design/Syncfusion.SfChart.WPF.Expression.Design.dll",
        "lib/net46/Design/Syncfusion.SfChart.WPF.VisualStudio.Design.dll",
        "lib/net46/Syncfusion.SfChart.WPF.dll",
        "lib/net46/Syncfusion.SfChart.WPF.xml",
        "lib/net6.0-windows7.0/Design/Syncfusion.SfChart.WPF.DesignTools.dll",
        "lib/net6.0-windows7.0/Syncfusion.SfChart.WPF.dll",
        "lib/net6.0-windows7.0/Syncfusion.SfChart.WPF.xml",
        "syncfusion.sfchart.wpf.21.2.3.nupkg.sha512",
        "syncfusion.sfchart.wpf.nuspec",
        "syncfusion_logo.png",
        "tools/VisualStudioToolsManifest.xml"
      ]
    },
    "Syncfusion.SfGrid.WPF/21.2.3": {
      "sha512": "cVdgOV6sV+fIzjKTjfpby3qJkaI4gWwWySP2oWNiREXC7SA7i9YvKCAzjw0YEZ+mjM+FIT3xCGxCP66MhQ9dkA==",
      "type": "package",
      "path": "syncfusion.sfgrid.wpf/21.2.3",
      "hasTools": true,
      "files": [
        ".nupkg.metadata",
        ".signature.p7s",
        "LICENSE.txt",
        "README.md",
        "lib/net40/Design/Syncfusion.SfGrid.WPF.DesignTools.dll",
        "lib/net40/Design/Syncfusion.SfGrid.WPF.Expression.Design.dll",
        "lib/net40/Design/Syncfusion.SfGrid.WPF.VisualStudio.Design.dll",
        "lib/net40/Syncfusion.SfGrid.WPF.dll",
        "lib/net40/Syncfusion.SfGrid.WPF.xml",
        "lib/net45/Design/Syncfusion.SfGrid.WPF.DesignTools.dll",
        "lib/net45/Design/Syncfusion.SfGrid.WPF.Expression.Design.dll",
        "lib/net45/Design/Syncfusion.SfGrid.WPF.VisualStudio.Design.dll",
        "lib/net45/Syncfusion.SfGrid.WPF.dll",
        "lib/net45/Syncfusion.SfGrid.WPF.xml",
        "lib/net451/Design/Syncfusion.SfGrid.WPF.DesignTools.dll",
        "lib/net451/Design/Syncfusion.SfGrid.WPF.Expression.Design.dll",
        "lib/net451/Design/Syncfusion.SfGrid.WPF.VisualStudio.Design.dll",
        "lib/net451/Syncfusion.SfGrid.WPF.dll",
        "lib/net451/Syncfusion.SfGrid.WPF.xml",
        "lib/net46/Design/Syncfusion.SfGrid.WPF.DesignTools.dll",
        "lib/net46/Design/Syncfusion.SfGrid.WPF.Expression.Design.dll",
        "lib/net46/Design/Syncfusion.SfGrid.WPF.VisualStudio.Design.dll",
        "lib/net46/Syncfusion.SfGrid.WPF.dll",
        "lib/net46/Syncfusion.SfGrid.WPF.xml",
        "lib/net6.0-windows7.0/Design/Syncfusion.SfGrid.WPF.DesignTools.dll",
        "lib/net6.0-windows7.0/Syncfusion.SfGrid.WPF.dll",
        "lib/net6.0-windows7.0/Syncfusion.SfGrid.WPF.xml",
        "syncfusion.sfgrid.wpf.21.2.3.nupkg.sha512",
        "syncfusion.sfgrid.wpf.nuspec",
        "syncfusion_logo.png",
        "tools/VisualStudioToolsManifest.xml"
      ]
    },
    "Syncfusion.SfSkinManager.WPF/21.2.3": {
      "sha512": "0+9HatciWbwfRO/RhkR/T1WpGU+504d9GtAPi1zQLHnM9d/a1aP8W1pHS3SRBW+N7Bqd4wqLvjOhQGygyr3L2g==",
      "type": "package",
      "path": "syncfusion.sfskinmanager.wpf/21.2.3",
      "files": [
        ".nupkg.metadata",
        ".signature.p7s",
        "LICENSE.txt",
        "README.md",
        "lib/net40/Syncfusion.SfSkinManager.WPF.dll",
        "lib/net40/Syncfusion.SfSkinManager.WPF.xml",
        "lib/net45/Syncfusion.SfSkinManager.WPF.dll",
        "lib/net45/Syncfusion.SfSkinManager.WPF.xml",
        "lib/net451/Syncfusion.SfSkinManager.WPF.dll",
        "lib/net451/Syncfusion.SfSkinManager.WPF.xml",
        "lib/net46/Syncfusion.SfSkinManager.WPF.dll",
        "lib/net46/Syncfusion.SfSkinManager.WPF.xml",
        "lib/net6.0-windows7.0/Syncfusion.SfSkinManager.WPF.dll",
        "lib/net6.0-windows7.0/Syncfusion.SfSkinManager.WPF.xml",
        "syncfusion.sfskinmanager.wpf.21.2.3.nupkg.sha512",
        "syncfusion.sfskinmanager.wpf.nuspec",
        "syncfusion_logo.png"
      ]
    },
    "Syncfusion.Shared.WPF/21.2.3": {
      "sha512": "qtdQtWvsvhiKSMfUyL6dFMADKFuo6TUNzABVr38wQl/2cY4pEjqnX1afb15jMJNYvIknp7oyRH1bIktu8+idOw==",
      "type": "package",
      "path": "syncfusion.shared.wpf/21.2.3",
      "hasTools": true,
      "files": [
        ".nupkg.metadata",
        ".signature.p7s",
        "LICENSE.txt",
        "README.md",
        "lib/net40/Design/Syncfusion.Design.Wpf.dll",
        "lib/net40/Design/Syncfusion.Shared.WPF.DesignTools.dll",
        "lib/net40/Design/Syncfusion.Shared.Wpf.Expression.Design.dll",
        "lib/net40/Design/Syncfusion.Shared.Wpf.VisualStudio.Design.dll",
        "lib/net40/Design/Syncfusion.Shared.Wpf.dll.Design.dll",
        "lib/net40/Syncfusion.Shared.WPF.dll",
        "lib/net40/Syncfusion.Shared.WPF.xml",
        "lib/net45/Design/Syncfusion.Design.Wpf.dll",
        "lib/net45/Design/Syncfusion.Shared.WPF.DesignTools.dll",
        "lib/net45/Design/Syncfusion.Shared.Wpf.Expression.Design.dll",
        "lib/net45/Design/Syncfusion.Shared.Wpf.VisualStudio.Design.dll",
        "lib/net45/Design/Syncfusion.Shared.Wpf.dll.Design.dll",
        "lib/net45/Syncfusion.Shared.WPF.dll",
        "lib/net45/Syncfusion.Shared.WPF.xml",
        "lib/net451/Design/Syncfusion.Design.Wpf.dll",
        "lib/net451/Design/Syncfusion.Shared.WPF.DesignTools.dll",
        "lib/net451/Design/Syncfusion.Shared.Wpf.Expression.Design.dll",
        "lib/net451/Design/Syncfusion.Shared.Wpf.VisualStudio.Design.dll",
        "lib/net451/Design/Syncfusion.Shared.Wpf.dll.Design.dll",
        "lib/net451/Syncfusion.Shared.WPF.dll",
        "lib/net451/Syncfusion.Shared.WPF.xml",
        "lib/net46/Design/Syncfusion.Design.Wpf.dll",
        "lib/net46/Design/Syncfusion.Shared.WPF.DesignTools.dll",
        "lib/net46/Design/Syncfusion.Shared.Wpf.Expression.Design.dll",
        "lib/net46/Design/Syncfusion.Shared.Wpf.VisualStudio.Design.dll",
        "lib/net46/Design/Syncfusion.Shared.Wpf.dll.Design.dll",
        "lib/net46/Syncfusion.Shared.WPF.dll",
        "lib/net46/Syncfusion.Shared.WPF.xml",
        "lib/net6.0-windows7.0/Design/Syncfusion.Shared.WPF.DesignTools.dll",
        "lib/net6.0-windows7.0/Syncfusion.Shared.WPF.dll",
        "lib/net6.0-windows7.0/Syncfusion.Shared.WPF.xml",
        "syncfusion.shared.wpf.21.2.3.nupkg.sha512",
        "syncfusion.shared.wpf.nuspec",
        "syncfusion_logo.png",
        "tools/VisualStudioToolsManifest.xml"
      ]
    },
    "Syncfusion.Themes.FluentLight.WPF/21.2.3": {
      "sha512": "smgD9ev+Jl/nJl0bEoDHmpoinjJZ347VwPl+J7yEszzo37rf7rO+jZKpGcTxlEtFMsYLBA/Sui+4MKzcDm2XoQ==",
      "type": "package",
      "path": "syncfusion.themes.fluentlight.wpf/21.2.3",
      "files": [
        ".nupkg.metadata",
        ".signature.p7s",
        "LICENSE.txt",
        "README.md",
        "lib/net45/Syncfusion.Themes.FluentLight.WPF.dll",
        "lib/net45/Syncfusion.Themes.FluentLight.WPF.xml",
        "lib/net451/Syncfusion.Themes.FluentLight.WPF.dll",
        "lib/net451/Syncfusion.Themes.FluentLight.WPF.xml",
        "lib/net46/Syncfusion.Themes.FluentLight.WPF.dll",
        "lib/net46/Syncfusion.Themes.FluentLight.WPF.xml",
        "lib/net6.0-windows7.0/Syncfusion.Themes.FluentLight.WPF.dll",
        "lib/net6.0-windows7.0/Syncfusion.Themes.FluentLight.WPF.xml",
        "syncfusion.themes.fluentlight.wpf.21.2.3.nupkg.sha512",
        "syncfusion.themes.fluentlight.wpf.nuspec",
        "syncfusion_logo.png"
      ]
    }
  },
  "projectFileDependencyGroups": {
    "net6.0-windows7.0": [
      "Syncfusion.Data.WPF >= 21.2.3",
      "Syncfusion.GridCommon.Wpf >= 21.2.3",
      "Syncfusion.Linq.Base >= 21.2.3",
      "Syncfusion.SfChart.WPF >= 21.2.3",
      "Syncfusion.SfGrid.WPF >= 21.2.3",
      "Syncfusion.SfSkinManager.WPF >= 21.2.3",
      "Syncfusion.Shared.Wpf >= 21.2.3",
      "Syncfusion.Themes.FluentLight.WPF >= 21.2.3"
    ]
  },
  "packageFolders": {
    "C:\\Users\\jay\\.nuget\\packages\\": {},
    "C:\\Program Files (x86)\\Microsoft Visual Studio\\Shared\\NuGetPackages": {},
    "C:\\Program Files (x86)\\Syncfusion\\Essential Studio\\WPF\\21.2.3\\ToolboxNuGetPackages": {},
    "C:\\Program Files\\dotnet\\sdk\\NuGetFallbackFolder": {}
  },
  "project": {
    "version": "1.0.0",
    "restore": {
      "projectUniqueName": "D:\\git\\wpf-demos\\showcase\\weather analysis\\syncfusion.weatheranalysis.wpf_lib_60.csproj",
      "projectName": "syncfusion.weatheranalysis.wpf",
      "projectPath": "D:\\git\\wpf-demos\\showcase\\weather analysis\\syncfusion.weatheranalysis.wpf_lib_60.csproj",
      "packagesPath": "C:\\Users\\jay\\.nuget\\packages\\",
      "outputPath": "D:\\git\\wpf-demos\\showcase\\weather analysis\\obj_60\\",
      "projectStyle": "PackageReference",
      "fallbackFolders": [
        "C:\\Program Files (x86)\\Microsoft Visual Studio\\Shared\\NuGetPackages",
        "C:\\Program Files (x86)\\Syncfusion\\Essential Studio\\WPF\\21.2.3\\ToolboxNuGetPackages",
        "C:\\Program Files\\dotnet\\sdk\\NuGetFallbackFolder"
      ],
      "configFilePaths": [
        "C:\\Users\\jay\\AppData\\Roaming\\NuGet\\NuGet.Config",
        "C:\\Program Files (x86)\\NuGet\\Config\\Microsoft.VisualStudio.FallbackLocation.config",
        "C:\\Program Files (x86)\\NuGet\\Config\\Microsoft.VisualStudio.Offline.config",
        "C:\\Program Files (x86)\\NuGet\\Config\\Syncfusion Toolbox for WPF.config"
      ],
      "originalTargetFrameworks": [
        "net6.0-windows"
      ],
      "sources": {
        "C:\\Program Files (x86)\\Microsoft SDKs\\NuGetPackages\\": {},
        "https://api.nuget.org/v3/index.json": {}
      },
      "frameworks": {
        "net6.0-windows7.0": {
          "targetAlias": "net6.0-windows",
          "projectReferences": {}
        }
      },
      "warningProperties": {
        "warnAsError": [
          "NU1605"
        ]
      }
    },
    "frameworks": {
      "net6.0-windows7.0": {
        "targetAlias": "net6.0-windows",
        "dependencies": {
          "Syncfusion.Data.WPF": {
            "target": "Package",
            "version": "[21.2.3, )"
          },
          "Syncfusion.GridCommon.Wpf": {
            "target": "Package",
            "version": "[21.2.3, )"
          },
          "Syncfusion.Linq.Base": {
            "target": "Package",
            "version": "[21.2.3, )"
          },
          "Syncfusion.SfChart.WPF": {
            "target": "Package",
            "version": "[21.2.3, )"
          },
          "Syncfusion.SfGrid.WPF": {
            "target": "Package",
            "version": "[21.2.3, )"
          },
          "Syncfusion.SfSkinManager.WPF": {
            "target": "Package",
            "version": "[21.2.3, )"
          },
          "Syncfusion.Shared.Wpf": {
            "target": "Package",
            "version": "[21.2.3, )"
          },
          "Syncfusion.Themes.FluentLight.WPF": {
            "target": "Package",
            "version": "[21.2.3, )"
          }
        },
        "imports": [
          "net461",
          "net462",
          "net47",
          "net471",
          "net472",
          "net48",
          "net481"
        ],
        "assetTargetFallback": true,
        "warn": true,
        "frameworkReferences": {
          "Microsoft.NETCore.App": {
            "privateAssets": "all"
          },
          "Microsoft.WindowsDesktop.App": {
            "privateAssets": "none"
          }
        },
        "runtimeIdentifierGraphPath": "C:\\Program Files\\dotnet\\sdk\\7.0.203\\RuntimeIdentifierGraph.json"
      }
    }
  }
}