{
  "version": 3,
  "targets": {
    "net6.0-windows7.0": {
      "Syncfusion.Licensing/21.2.3": {
        "type": "package",
        "compile": {
          "lib/net6.0-windows7.0/Syncfusion.Licensing.dll": {}
        },
        "runtime": {
          "lib/net6.0-windows7.0/Syncfusion.Licensing.dll": {}
        }
      },
      "Syncfusion.SfChromelessWindow.WPF/21.2.3": {
        "type": "package",
        "dependencies": {
          "Syncfusion.Licensing": "21.2.3"
        },
        "compile": {
          "lib/net6.0-windows7.0/Syncfusion.SfChromelessWindow.WPF.dll": {
            "related": ".xml"
          }
        },
        "runtime": {
          "lib/net6.0-windows7.0/Syncfusion.SfChromelessWindow.WPF.dll": {
            "related": ".xml"
          }
        }
      },
      "Syncfusion.Shared.WPF/21.2.3": {
        "type": "package",
        "dependencies": {
          "Syncfusion.Licensing": "21.2.3"
        },
        "compile": {
          "lib/net6.0-windows7.0/Syncfusion.Shared.WPF.dll": {
            "related": ".xml"
          }
        },
        "runtime": {
          "lib/net6.0-windows7.0/Syncfusion.Shared.WPF.dll": {
            "related": ".xml"
          }
        }
      },
      "Syncfusion.Tools.WPF/21.2.3": {
        "type": "package",
        "dependencies": {
          "Syncfusion.Licensing": "21.2.3",
          "Syncfusion.Shared.WPF": "21.2.3"
        },
        "compile": {
          "lib/net6.0-windows7.0/Syncfusion.Tools.WPF.dll": {
            "related": ".xml"
          }
        },
        "runtime": {
          "lib/net6.0-windows7.0/Syncfusion.Tools.WPF.dll": {
            "related": ".xml"
          }
        }
      }
    }
  },
  "libraries": {
    "Syncfusion.Licensing/21.2.3": {
      "sha512": "9ZS+tE48qD3jtE0brkf0ZA5JnvxHOxll6IwJb7kNoJuJPuOUwLUGSmJ82fQ5VFRO5VtwONvKHDnvdJ5nAzeXKw==",
      "type": "package",
      "path": "syncfusion.licensing/21.2.3",
      "files": [
        ".nupkg.metadata",
        ".signature.p7s",
        "LICENSE.txt",
        "lib/MonoAndroid90/Syncfusion.Licensing.dll",
        "lib/Xamarin.Mac/Syncfusion.Licensing.dll",
        "lib/Xamarin.iOS10/Syncfusion.Licensing.dll",
        "lib/net40/Syncfusion.Licensing.dll",
        "lib/net45/Syncfusion.Licensing.dll",
        "lib/net451/Syncfusion.Licensing.dll",
        "lib/net46/Syncfusion.Licensing.dll",
        "lib/net6.0-windows7.0/Syncfusion.Licensing.dll",
        "lib/net6.0/Syncfusion.Licensing.dll",
        "lib/net7.0-windows7.0/Syncfusion.Licensing.dll",
        "lib/net7.0/Syncfusion.Licensing.dll",
        "lib/netstandard2.0/Syncfusion.Licensing.dll",
        "lib/uap10.0/Syncfusion.Licensing.dll",
        "syncfusion.licensing.21.2.3.nupkg.sha512",
        "syncfusion.licensing.nuspec",
        "syncfusion_logo.png"
      ]
    },
    "Syncfusion.SfChromelessWindow.WPF/21.2.3": {
      "sha512": "rqNJkd/YAAl4i01WaGZV3JlcF5Qgm0DWodtiB6AvQdwB2YK9Y3XmA0fL6eZwcUbPUT1Bnm4scE5ztYvz00+aZw==",
      "type": "package",
      "path": "syncfusion.sfchromelesswindow.wpf/21.2.3",
      "files": [
        ".nupkg.metadata",
        ".signature.p7s",
        "LICENSE.txt",
        "README.md",
        "lib/net40/Design/Syncfusion.SfChromelessWindow.WPF.Expression.Design.dll",
        "lib/net40/Design/Syncfusion.SfChromelessWindow.WPF.VisualStudio.Design.dll",
        "lib/net40/Syncfusion.SfChromelessWindow.WPF.dll",
        "lib/net40/Syncfusion.SfChromelessWindow.WPF.xml",
        "lib/net45/Design/Syncfusion.SfChromelessWindow.WPF.Expression.Design.dll",
        "lib/net45/Design/Syncfusion.SfChromelessWindow.WPF.VisualStudio.Design.dll",
        "lib/net45/Syncfusion.SfChromelessWindow.WPF.dll",
        "lib/net45/Syncfusion.SfChromelessWindow.WPF.xml",
        "lib/net451/Design/Syncfusion.SfChromelessWindow.WPF.Expression.Design.dll",
        "lib/net451/Design/Syncfusion.SfChromelessWindow.WPF.VisualStudio.Design.dll",
        "lib/net451/Syncfusion.SfChromelessWindow.WPF.dll",
        "lib/net451/Syncfusion.SfChromelessWindow.WPF.xml",
        "lib/net46/Design/Syncfusion.SfChromelessWindow.WPF.Expression.Design.dll",
        "lib/net46/Design/Syncfusion.SfChromelessWindow.WPF.VisualStudio.Design.dll",
        "lib/net46/Syncfusion.SfChromelessWindow.WPF.dll",
        "lib/net46/Syncfusion.SfChromelessWindow.WPF.xml",
        "lib/net6.0-windows7.0/Syncfusion.SfChromelessWindow.WPF.dll",
        "lib/net6.0-windows7.0/Syncfusion.SfChromelessWindow.WPF.xml",
        "syncfusion.sfchromelesswindow.wpf.21.2.3.nupkg.sha512",
        "syncfusion.sfchromelesswindow.wpf.nuspec",
        "syncfusion_logo.png"
      ]
    },
    "Syncfusion.Shared.WPF/21.2.3": {
      "sha512": "qtdQtWvsvhiKSMfUyL6dFMADKFuo6TUNzABVr38wQl/2cY4pEjqnX1afb15jMJNYvIknp7oyRH1bIktu8+idOw==",
      "type": "package",
      "path": "syncfusion.shared.wpf/21.2.3",
      "hasTools": true,
      "files": [
        ".nupkg.metadata",
        ".signature.p7s",
        "LICENSE.txt",
        "README.md",
        "lib/net40/Design/Syncfusion.Design.Wpf.dll",
        "lib/net40/Design/Syncfusion.Shared.WPF.DesignTools.dll",
        "lib/net40/Design/Syncfusion.Shared.Wpf.Expression.Design.dll",
        "lib/net40/Design/Syncfusion.Shared.Wpf.VisualStudio.Design.dll",
        "lib/net40/Design/Syncfusion.Shared.Wpf.dll.Design.dll",
        "lib/net40/Syncfusion.Shared.WPF.dll",
        "lib/net40/Syncfusion.Shared.WPF.xml",
        "lib/net45/Design/Syncfusion.Design.Wpf.dll",
        "lib/net45/Design/Syncfusion.Shared.WPF.DesignTools.dll",
        "lib/net45/Design/Syncfusion.Shared.Wpf.Expression.Design.dll",
        "lib/net45/Design/Syncfusion.Shared.Wpf.VisualStudio.Design.dll",
        "lib/net45/Design/Syncfusion.Shared.Wpf.dll.Design.dll",
        "lib/net45/Syncfusion.Shared.WPF.dll",
        "lib/net45/Syncfusion.Shared.WPF.xml",
        "lib/net451/Design/Syncfusion.Design.Wpf.dll",
        "lib/net451/Design/Syncfusion.Shared.WPF.DesignTools.dll",
        "lib/net451/Design/Syncfusion.Shared.Wpf.Expression.Design.dll",
        "lib/net451/Design/Syncfusion.Shared.Wpf.VisualStudio.Design.dll",
        "lib/net451/Design/Syncfusion.Shared.Wpf.dll.Design.dll",
        "lib/net451/Syncfusion.Shared.WPF.dll",
        "lib/net451/Syncfusion.Shared.WPF.xml",
        "lib/net46/Design/Syncfusion.Design.Wpf.dll",
        "lib/net46/Design/Syncfusion.Shared.WPF.DesignTools.dll",
        "lib/net46/Design/Syncfusion.Shared.Wpf.Expression.Design.dll",
        "lib/net46/Design/Syncfusion.Shared.Wpf.VisualStudio.Design.dll",
        "lib/net46/Design/Syncfusion.Shared.Wpf.dll.Design.dll",
        "lib/net46/Syncfusion.Shared.WPF.dll",
        "lib/net46/Syncfusion.Shared.WPF.xml",
        "lib/net6.0-windows7.0/Design/Syncfusion.Shared.WPF.DesignTools.dll",
        "lib/net6.0-windows7.0/Syncfusion.Shared.WPF.dll",
        "lib/net6.0-windows7.0/Syncfusion.Shared.WPF.xml",
        "syncfusion.shared.wpf.21.2.3.nupkg.sha512",
        "syncfusion.shared.wpf.nuspec",
        "syncfusion_logo.png",
        "tools/VisualStudioToolsManifest.xml"
      ]
    },
    "Syncfusion.Tools.WPF/21.2.3": {
      "sha512": "80KeNbW8OfIzXvsfMPlU5so7bi7ndA/o+XG9zAR2+HbyFKbCM/gh/KjKVhlsvSTmC56cS4OoHUNif0DLrVhTbQ==",
      "type": "package",
      "path": "syncfusion.tools.wpf/21.2.3",
      "hasTools": true,
      "files": [
        ".nupkg.metadata",
        ".signature.p7s",
        "LICENSE.txt",
        "README.md",
        "lib/net40/Design/Syncfusion.Design.Wpf.dll",
        "lib/net40/Design/Syncfusion.Tools.WPF.DesignTools.dll",
        "lib/net40/Design/Syncfusion.Tools.Wpf.Expression.Design.dll",
        "lib/net40/Design/Syncfusion.Tools.Wpf.VisualStudio.Design.dll",
        "lib/net40/Design/Syncfusion.Tools.Wpf.dll.Design.dll",
        "lib/net40/Syncfusion.Tools.WPF.dll",
        "lib/net40/Syncfusion.Tools.WPF.xml",
        "lib/net45/Design/Syncfusion.Design.Wpf.dll",
        "lib/net45/Design/Syncfusion.Tools.WPF.DesignTools.dll",
        "lib/net45/Design/Syncfusion.Tools.Wpf.Expression.Design.dll",
        "lib/net45/Design/Syncfusion.Tools.Wpf.VisualStudio.Design.dll",
        "lib/net45/Design/Syncfusion.Tools.Wpf.dll.Design.dll",
        "lib/net45/Syncfusion.Tools.WPF.dll",
        "lib/net45/Syncfusion.Tools.WPF.xml",
        "lib/net451/Design/Syncfusion.Design.Wpf.dll",
        "lib/net451/Design/Syncfusion.Tools.WPF.DesignTools.dll",
        "lib/net451/Design/Syncfusion.Tools.Wpf.Expression.Design.dll",
        "lib/net451/Design/Syncfusion.Tools.Wpf.VisualStudio.Design.dll",
        "lib/net451/Design/Syncfusion.Tools.Wpf.dll.Design.dll",
        "lib/net451/Syncfusion.Tools.WPF.dll",
        "lib/net451/Syncfusion.Tools.WPF.xml",
        "lib/net46/Design/Syncfusion.Design.Wpf.dll",
        "lib/net46/Design/Syncfusion.Tools.WPF.DesignTools.dll",
        "lib/net46/Design/Syncfusion.Tools.Wpf.Expression.Design.dll",
        "lib/net46/Design/Syncfusion.Tools.Wpf.VisualStudio.Design.dll",
        "lib/net46/Design/Syncfusion.Tools.Wpf.dll.Design.dll",
        "lib/net46/Syncfusion.Tools.WPF.dll",
        "lib/net46/Syncfusion.Tools.WPF.xml",
        "lib/net6.0-windows7.0/Design/Syncfusion.Tools.WPF.DesignTools.dll",
        "lib/net6.0-windows7.0/Syncfusion.Tools.WPF.dll",
        "lib/net6.0-windows7.0/Syncfusion.Tools.WPF.xml",
        "syncfusion.tools.wpf.21.2.3.nupkg.sha512",
        "syncfusion.tools.wpf.nuspec",
        "syncfusion_logo.png",
        "tools/VisualStudioToolsManifest.xml"
      ]
    }
  },
  "projectFileDependencyGroups": {
    "net6.0-windows7.0": [
      "Syncfusion.SfChromelessWindow.Wpf >= 21.2.3",
      "Syncfusion.Shared.Wpf >= 21.2.3",
      "Syncfusion.Tools.Wpf >= 21.2.3"
    ]
  },
  "packageFolders": {
    "C:\\Users\\jay\\.nuget\\packages\\": {},
    "C:\\Program Files (x86)\\Microsoft Visual Studio\\Shared\\NuGetPackages": {},
    "C:\\Program Files (x86)\\Syncfusion\\Essential Studio\\WPF\\21.2.3\\ToolboxNuGetPackages": {},
    "C:\\Program Files\\dotnet\\sdk\\NuGetFallbackFolder": {}
  },
  "project": {
    "version": "1.0.0",
    "restore": {
      "projectUniqueName": "D:\\git\\wpf-demos\\showcase\\unitconverter\\syncfusion.unitconverter.wpf_lib_60.csproj",
      "projectName": "syncfusion.unitconverter.wpf",
      "projectPath": "D:\\git\\wpf-demos\\showcase\\unitconverter\\syncfusion.unitconverter.wpf_lib_60.csproj",
      "packagesPath": "C:\\Users\\jay\\.nuget\\packages\\",
      "outputPath": "D:\\git\\wpf-demos\\showcase\\unitconverter\\obj_60\\",
      "projectStyle": "PackageReference",
      "fallbackFolders": [
        "C:\\Program Files (x86)\\Microsoft Visual Studio\\Shared\\NuGetPackages",
        "C:\\Program Files (x86)\\Syncfusion\\Essential Studio\\WPF\\21.2.3\\ToolboxNuGetPackages",
        "C:\\Program Files\\dotnet\\sdk\\NuGetFallbackFolder"
      ],
      "configFilePaths": [
        "C:\\Users\\jay\\AppData\\Roaming\\NuGet\\NuGet.Config",
        "C:\\Program Files (x86)\\NuGet\\Config\\Microsoft.VisualStudio.FallbackLocation.config",
        "C:\\Program Files (x86)\\NuGet\\Config\\Microsoft.VisualStudio.Offline.config",
        "C:\\Program Files (x86)\\NuGet\\Config\\Syncfusion Toolbox for WPF.config"
      ],
      "originalTargetFrameworks": [
        "net6.0-windows"
      ],
      "sources": {
        "C:\\Program Files (x86)\\Microsoft SDKs\\NuGetPackages\\": {},
        "https://api.nuget.org/v3/index.json": {}
      },
      "frameworks": {
        "net6.0-windows7.0": {
          "targetAlias": "net6.0-windows",
          "projectReferences": {}
        }
      },
      "warningProperties": {
        "warnAsError": [
          "NU1605"
        ]
      }
    },
    "frameworks": {
      "net6.0-windows7.0": {
        "targetAlias": "net6.0-windows",
        "dependencies": {
          "Syncfusion.SfChromelessWindow.Wpf": {
            "target": "Package",
            "version": "[21.2.3, )"
          },
          "Syncfusion.Shared.Wpf": {
            "target": "Package",
            "version": "[21.2.3, )"
          },
          "Syncfusion.Tools.Wpf": {
            "target": "Package",
            "version": "[21.2.3, )"
          }
        },
        "imports": [
          "net461",
          "net462",
          "net47",
          "net471",
          "net472",
          "net48",
          "net481"
        ],
        "assetTargetFallback": true,
        "warn": true,
        "frameworkReferences": {
          "Microsoft.NETCore.App": {
            "privateAssets": "all"
          },
          "Microsoft.WindowsDesktop.App": {
            "privateAssets": "none"
          }
        },
        "runtimeIdentifierGraphPath": "C:\\Program Files\\dotnet\\sdk\\7.0.203\\RuntimeIdentifierGraph.json"
      }
    }
  }
}