{
  "version": 3,
  "targets": {
    "net6.0-windows7.0": {
      "Syncfusion.Compression.Base/21.2.3": {
        "type": "package",
        "compile": {
          "lib/net6.0-windows7.0/Syncfusion.Compression.Base.dll": {
            "related": ".xml"
          }
        },
        "runtime": {
          "lib/net6.0-windows7.0/Syncfusion.Compression.Base.dll": {
            "related": ".xml"
          }
        }
      },
      "Syncfusion.Licensing/21.2.3": {
        "type": "package",
        "compile": {
          "lib/net6.0-windows7.0/Syncfusion.Licensing.dll": {}
        },
        "runtime": {
          "lib/net6.0-windows7.0/Syncfusion.Licensing.dll": {}
        }
      },
      "Syncfusion.Pdf.Wpf/21.2.3": {
        "type": "package",
        "dependencies": {
          "Syncfusion.Compression.Base": "21.2.3",
          "Syncfusion.Licensing": "21.2.3"
        },
        "compile": {
          "lib/net6.0-windows7.0/Syncfusion.Pdf.Base.dll": {
            "related": ".xml"
          }
        },
        "runtime": {
          "lib/net6.0-windows7.0/Syncfusion.Pdf.Base.dll": {
            "related": ".xml"
          }
        }
      },
      "Syncfusion.SfDiagram.WPF/21.2.3": {
        "type": "package",
        "dependencies": {
          "Syncfusion.Licensing": "21.2.3",
          "Syncfusion.Shared.WPF": "21.2.3"
        },
        "compile": {
          "lib/net6.0-windows7.0/Syncfusion.SfDiagram.WPF.dll": {
            "related": ".xml"
          }
        },
        "runtime": {
          "lib/net6.0-windows7.0/Syncfusion.SfDiagram.WPF.dll": {
            "related": ".xml"
          }
        }
      },
      "Syncfusion.SfDiagramRibbon.WPF/21.2.3": {
        "type": "package",
        "dependencies": {
          "Syncfusion.Compression.Base": "21.2.3",
          "Syncfusion.Pdf.Wpf": "21.2.3",
          "Syncfusion.SfDiagram.WPF": "21.2.3",
          "Syncfusion.Shared.WPF": "21.2.3",
          "Syncfusion.Tools.WPF": "21.2.3"
        },
        "compile": {
          "lib/net6.0-windows7.0/Syncfusion.SfDiagramRibbon.WPF.dll": {
            "related": ".xml"
          }
        },
        "runtime": {
          "lib/net6.0-windows7.0/Syncfusion.SfDiagramRibbon.WPF.dll": {
            "related": ".xml"
          }
        }
      },
      "Syncfusion.SfInput.WPF/21.2.3": {
        "type": "package",
        "dependencies": {
          "Syncfusion.Licensing": "21.2.3",
          "Syncfusion.Shared.WPF": "21.2.3"
        },
        "compile": {
          "lib/net6.0-windows7.0/Syncfusion.SfInput.WPF.dll": {
            "related": ".xml"
          }
        },
        "runtime": {
          "lib/net6.0-windows7.0/Syncfusion.SfInput.WPF.dll": {
            "related": ".xml"
          }
        }
      },
      "Syncfusion.SfRadialMenu.WPF/21.2.3": {
        "type": "package",
        "dependencies": {
          "Syncfusion.Licensing": "21.2.3"
        },
        "compile": {
          "lib/net6.0-windows7.0/Syncfusion.SfRadialMenu.WPF.dll": {
            "related": ".xml"
          }
        },
        "runtime": {
          "lib/net6.0-windows7.0/Syncfusion.SfRadialMenu.WPF.dll": {
            "related": ".xml"
          }
        }
      },
      "Syncfusion.SfSkinManager.WPF/21.2.3": {
        "type": "package",
        "dependencies": {
          "Syncfusion.Licensing": "21.2.3"
        },
        "compile": {
          "lib/net6.0-windows7.0/Syncfusion.SfSkinManager.WPF.dll": {
            "related": ".xml"
          }
        },
        "runtime": {
          "lib/net6.0-windows7.0/Syncfusion.SfSkinManager.WPF.dll": {
            "related": ".xml"
          }
        }
      },
      "Syncfusion.Shared.WPF/21.2.3": {
        "type": "package",
        "dependencies": {
          "Syncfusion.Licensing": "21.2.3"
        },
        "compile": {
          "lib/net6.0-windows7.0/Syncfusion.Shared.WPF.dll": {
            "related": ".xml"
          }
        },
        "runtime": {
          "lib/net6.0-windows7.0/Syncfusion.Shared.WPF.dll": {
            "related": ".xml"
          }
        }
      },
      "Syncfusion.Shared.WPF.Classic/21.2.3": {
        "type": "package",
        "dependencies": {
          "Syncfusion.Shared.WPF": "21.2.3"
        },
        "compile": {
          "lib/net6.0-windows7.0/Syncfusion.Shared.WPF.Classic.dll": {
            "related": ".xml"
          }
        },
        "runtime": {
          "lib/net6.0-windows7.0/Syncfusion.Shared.WPF.Classic.dll": {
            "related": ".xml"
          }
        }
      },
      "Syncfusion.Themes.FluentLight.WPF/21.2.3": {
        "type": "package",
        "dependencies": {
          "Syncfusion.Licensing": "21.2.3",
          "Syncfusion.SfSkinManager.WPF": "21.2.3"
        },
        "compile": {
          "lib/net6.0-windows7.0/Syncfusion.Themes.FluentLight.WPF.dll": {
            "related": ".xml"
          }
        },
        "runtime": {
          "lib/net6.0-windows7.0/Syncfusion.Themes.FluentLight.WPF.dll": {
            "related": ".xml"
          }
        }
      },
      "Syncfusion.Tools.WPF/21.2.3": {
        "type": "package",
        "dependencies": {
          "Syncfusion.Licensing": "21.2.3",
          "Syncfusion.Shared.WPF": "21.2.3"
        },
        "compile": {
          "lib/net6.0-windows7.0/Syncfusion.Tools.WPF.dll": {
            "related": ".xml"
          }
        },
        "runtime": {
          "lib/net6.0-windows7.0/Syncfusion.Tools.WPF.dll": {
            "related": ".xml"
          }
        }
      },
      "Syncfusion.Tools.WPF.Classic/21.2.3": {
        "type": "package",
        "dependencies": {
          "Syncfusion.Shared.WPF": "21.2.3",
          "Syncfusion.Shared.WPF.Classic": "21.2.3",
          "Syncfusion.Tools.WPF": "21.2.3"
        },
        "compile": {
          "lib/net6.0-windows7.0/Syncfusion.Tools.WPF.Classic.dll": {
            "related": ".xml"
          }
        },
        "runtime": {
          "lib/net6.0-windows7.0/Syncfusion.Tools.WPF.Classic.dll": {
            "related": ".xml"
          }
        }
      }
    }
  },
  "libraries": {
    "Syncfusion.Compression.Base/21.2.3": {
      "sha512": "r3Mfi0+x7P6UgxcUg5TxvT1yGa7uOlRzNEpw/f/NpAo4NClCszACMMIPs2ZSTIHfCCZzrbYfWmzTRCHsguND6A==",
      "type": "package",
      "path": "syncfusion.compression.base/21.2.3",
      "files": [
        ".nupkg.metadata",
        ".signature.p7s",
        "LICENSE.txt",
        "lib/net40/Syncfusion.Compression.Base.dll",
        "lib/net40/Syncfusion.Compression.Base.xml",
        "lib/net45/Syncfusion.Compression.Base.dll",
        "lib/net45/Syncfusion.Compression.Base.xml",
        "lib/net451/Syncfusion.Compression.Base.dll",
        "lib/net451/Syncfusion.Compression.Base.xml",
        "lib/net46/Syncfusion.Compression.Base.dll",
        "lib/net46/Syncfusion.Compression.Base.xml",
        "lib/net6.0-windows7.0/Syncfusion.Compression.Base.dll",
        "lib/net6.0-windows7.0/Syncfusion.Compression.Base.xml",
        "syncfusion.compression.base.21.2.3.nupkg.sha512",
        "syncfusion.compression.base.nuspec",
        "syncfusion_logo.png"
      ]
    },
    "Syncfusion.Licensing/21.2.3": {
      "sha512": "9ZS+tE48qD3jtE0brkf0ZA5JnvxHOxll6IwJb7kNoJuJPuOUwLUGSmJ82fQ5VFRO5VtwONvKHDnvdJ5nAzeXKw==",
      "type": "package",
      "path": "syncfusion.licensing/21.2.3",
      "files": [
        ".nupkg.metadata",
        ".signature.p7s",
        "LICENSE.txt",
        "lib/MonoAndroid90/Syncfusion.Licensing.dll",
        "lib/Xamarin.Mac/Syncfusion.Licensing.dll",
        "lib/Xamarin.iOS10/Syncfusion.Licensing.dll",
        "lib/net40/Syncfusion.Licensing.dll",
        "lib/net45/Syncfusion.Licensing.dll",
        "lib/net451/Syncfusion.Licensing.dll",
        "lib/net46/Syncfusion.Licensing.dll",
        "lib/net6.0-windows7.0/Syncfusion.Licensing.dll",
        "lib/net6.0/Syncfusion.Licensing.dll",
        "lib/net7.0-windows7.0/Syncfusion.Licensing.dll",
        "lib/net7.0/Syncfusion.Licensing.dll",
        "lib/netstandard2.0/Syncfusion.Licensing.dll",
        "lib/uap10.0/Syncfusion.Licensing.dll",
        "syncfusion.licensing.21.2.3.nupkg.sha512",
        "syncfusion.licensing.nuspec",
        "syncfusion_logo.png"
      ]
    },
    "Syncfusion.Pdf.Wpf/21.2.3": {
      "sha512": "Eqa4LPnrWJlu+XCR+usPgH2UqXg02Wp4lssjPesx3zM8z0JQrKSEcgc0NXDIPufRpk80k2NuGcZkdluUR3tIWA==",
      "type": "package",
      "path": "syncfusion.pdf.wpf/21.2.3",
      "files": [
        ".nupkg.metadata",
        ".signature.p7s",
        "LICENSE.txt",
        "README.md",
        "lib/net40/Syncfusion.Pdf.Base.dll",
        "lib/net40/Syncfusion.Pdf.Base.xml",
        "lib/net45/Syncfusion.Pdf.Base.dll",
        "lib/net45/Syncfusion.Pdf.Base.xml",
        "lib/net451/Syncfusion.Pdf.Base.dll",
        "lib/net451/Syncfusion.Pdf.Base.xml",
        "lib/net46/Syncfusion.Pdf.Base.dll",
        "lib/net46/Syncfusion.Pdf.Base.xml",
        "lib/net6.0-windows7.0/Syncfusion.Pdf.Base.dll",
        "lib/net6.0-windows7.0/Syncfusion.Pdf.Base.xml",
        "syncfusion.pdf.wpf.21.2.3.nupkg.sha512",
        "syncfusion.pdf.wpf.nuspec",
        "syncfusion_logo.png"
      ]
    },
    "Syncfusion.SfDiagram.WPF/21.2.3": {
      "sha512": "gbalCCHd2nn9TogZLQwC+loNMv+Yf/MOiP8XL6z9pE8lFLTMTuT00WbiAjq9UCQkaVfoAL5kIMq16vQC6hTOoA==",
      "type": "package",
      "path": "syncfusion.sfdiagram.wpf/21.2.3",
      "hasTools": true,
      "files": [
        ".nupkg.metadata",
        ".signature.p7s",
        "LICENSE.txt",
        "README.md",
        "lib/net40/Design/Syncfusion.Design.Wpf.dll",
        "lib/net40/Design/Syncfusion.SfDiagram.WPF.DesignTools.dll",
        "lib/net40/Design/Syncfusion.SfDiagram.WPF.Expression.Design.dll",
        "lib/net40/Design/Syncfusion.SfDiagram.WPF.VisualStudio.Design.dll",
        "lib/net40/Syncfusion.SfDiagram.WPF.dll",
        "lib/net40/Syncfusion.SfDiagram.WPF.xml",
        "lib/net45/Design/Syncfusion.Design.Wpf.dll",
        "lib/net45/Design/Syncfusion.SfDiagram.WPF.DesignTools.dll",
        "lib/net45/Design/Syncfusion.SfDiagram.WPF.Expression.Design.dll",
        "lib/net45/Design/Syncfusion.SfDiagram.WPF.VisualStudio.Design.dll",
        "lib/net45/Syncfusion.SfDiagram.WPF.dll",
        "lib/net45/Syncfusion.SfDiagram.WPF.xml",
        "lib/net451/Design/Syncfusion.Design.Wpf.dll",
        "lib/net451/Design/Syncfusion.SfDiagram.WPF.DesignTools.dll",
        "lib/net451/Design/Syncfusion.SfDiagram.WPF.Expression.Design.dll",
        "lib/net451/Design/Syncfusion.SfDiagram.WPF.VisualStudio.Design.dll",
        "lib/net451/Syncfusion.SfDiagram.WPF.dll",
        "lib/net451/Syncfusion.SfDiagram.WPF.xml",
        "lib/net46/Design/Syncfusion.Design.Wpf.dll",
        "lib/net46/Design/Syncfusion.SfDiagram.WPF.DesignTools.dll",
        "lib/net46/Design/Syncfusion.SfDiagram.WPF.Expression.Design.dll",
        "lib/net46/Design/Syncfusion.SfDiagram.WPF.VisualStudio.Design.dll",
        "lib/net46/Syncfusion.SfDiagram.WPF.dll",
        "lib/net46/Syncfusion.SfDiagram.WPF.xml",
        "lib/net6.0-windows7.0/Design/Syncfusion.SfDiagram.WPF.DesignTools.dll",
        "lib/net6.0-windows7.0/Syncfusion.SfDiagram.WPF.dll",
        "lib/net6.0-windows7.0/Syncfusion.SfDiagram.WPF.xml",
        "syncfusion.sfdiagram.wpf.21.2.3.nupkg.sha512",
        "syncfusion.sfdiagram.wpf.nuspec",
        "syncfusion_logo.png",
        "tools/VisualStudioToolsManifest.xml"
      ]
    },
    "Syncfusion.SfDiagramRibbon.WPF/21.2.3": {
      "sha512": "cIy5rOpjJUFQpXu3VZ7fkrpVodOx2cmO+Gb1DcyWodx3B49gmF2umF1mNyt8PoMgM8tdDS2KKVSIUkwdCIHZQg==",
      "type": "package",
      "path": "syncfusion.sfdiagramribbon.wpf/21.2.3",
      "hasTools": true,
      "files": [
        ".nupkg.metadata",
        ".signature.p7s",
        "LICENSE.txt",
        "README.md",
        "lib/net40/Design/Syncfusion.SfDiagramRibbon.WPF.DesignTools.dll",
        "lib/net40/Syncfusion.SfDiagramRibbon.WPF.dll",
        "lib/net40/Syncfusion.SfDiagramRibbon.WPF.xml",
        "lib/net45/Design/Syncfusion.SfDiagramRibbon.WPF.DesignTools.dll",
        "lib/net45/Syncfusion.SfDiagramRibbon.WPF.dll",
        "lib/net45/Syncfusion.SfDiagramRibbon.WPF.xml",
        "lib/net451/Design/Syncfusion.SfDiagramRibbon.WPF.DesignTools.dll",
        "lib/net451/Syncfusion.SfDiagramRibbon.WPF.dll",
        "lib/net451/Syncfusion.SfDiagramRibbon.WPF.xml",
        "lib/net46/Design/Syncfusion.SfDiagramRibbon.WPF.DesignTools.dll",
        "lib/net46/Syncfusion.SfDiagramRibbon.WPF.dll",
        "lib/net46/Syncfusion.SfDiagramRibbon.WPF.xml",
        "lib/net6.0-windows7.0/Design/Syncfusion.SfDiagramRibbon.WPF.DesignTools.dll",
        "lib/net6.0-windows7.0/Syncfusion.SfDiagramRibbon.WPF.dll",
        "lib/net6.0-windows7.0/Syncfusion.SfDiagramRibbon.WPF.xml",
        "syncfusion.sfdiagramribbon.wpf.21.2.3.nupkg.sha512",
        "syncfusion.sfdiagramribbon.wpf.nuspec",
        "syncfusion_logo.png",
        "tools/VisualStudioToolsManifest.xml"
      ]
    },
    "Syncfusion.SfInput.WPF/21.2.3": {
      "sha512": "JyRA9UzKjE/pXc0CoeVAAG9gxkjqdPZD7N41Plk9GWQBZkXITV743VUC1ffy0VE+zWXuI9NBvUSE0HC817a5YA==",
      "type": "package",
      "path": "syncfusion.sfinput.wpf/21.2.3",
      "hasTools": true,
      "files": [
        ".nupkg.metadata",
        ".signature.p7s",
        "LICENSE.txt",
        "README.md",
        "lib/net40/Design/Syncfusion.Design.Wpf.dll",
        "lib/net40/Design/Syncfusion.SfInput.WPF.DesignTools.dll",
        "lib/net40/Design/Syncfusion.SfInput.WPF.Expression.Design.dll",
        "lib/net40/Design/Syncfusion.SfInput.Wpf.VisualStudio.Design.dll",
        "lib/net40/Syncfusion.SfInput.WPF.dll",
        "lib/net40/Syncfusion.SfInput.WPF.xml",
        "lib/net45/Design/Syncfusion.Design.Wpf.dll",
        "lib/net45/Design/Syncfusion.SfInput.WPF.DesignTools.dll",
        "lib/net45/Design/Syncfusion.SfInput.WPF.Expression.Design.dll",
        "lib/net45/Design/Syncfusion.SfInput.Wpf.VisualStudio.Design.dll",
        "lib/net45/Syncfusion.SfInput.WPF.dll",
        "lib/net45/Syncfusion.SfInput.WPF.xml",
        "lib/net451/Design/Syncfusion.Design.Wpf.dll",
        "lib/net451/Design/Syncfusion.SfInput.WPF.DesignTools.dll",
        "lib/net451/Design/Syncfusion.SfInput.WPF.Expression.Design.dll",
        "lib/net451/Design/Syncfusion.SfInput.Wpf.VisualStudio.Design.dll",
        "lib/net451/Syncfusion.SfInput.WPF.dll",
        "lib/net451/Syncfusion.SfInput.WPF.xml",
        "lib/net46/Design/Syncfusion.Design.Wpf.dll",
        "lib/net46/Design/Syncfusion.SfInput.WPF.DesignTools.dll",
        "lib/net46/Design/Syncfusion.SfInput.WPF.Expression.Design.dll",
        "lib/net46/Design/Syncfusion.SfInput.Wpf.VisualStudio.Design.dll",
        "lib/net46/Syncfusion.SfInput.WPF.dll",
        "lib/net46/Syncfusion.SfInput.WPF.xml",
        "lib/net6.0-windows7.0/Design/Syncfusion.SfInput.WPF.DesignTools.dll",
        "lib/net6.0-windows7.0/Syncfusion.SfInput.WPF.dll",
        "lib/net6.0-windows7.0/Syncfusion.SfInput.WPF.xml",
        "syncfusion.sfinput.wpf.21.2.3.nupkg.sha512",
        "syncfusion.sfinput.wpf.nuspec",
        "syncfusion_logo.png",
        "tools/VisualStudioToolsManifest.xml"
      ]
    },
    "Syncfusion.SfRadialMenu.WPF/21.2.3": {
      "sha512": "SS47KNAW8ZJGg1P2SLxUkcdEJ3606568xnSSCT1f2ek92LrxTpc1h40LVqmV7q0ZwJWycIIU35WGJncgdoz9ow==",
      "type": "package",
      "path": "syncfusion.sfradialmenu.wpf/21.2.3",
      "hasTools": true,
      "files": [
        ".nupkg.metadata",
        ".signature.p7s",
        "LICENSE.txt",
        "README.md",
        "lib/net40/Design/Syncfusion.Design.Wpf.dll",
        "lib/net40/Design/Syncfusion.SfRadialMenu.WPF.DesignTools.dll",
        "lib/net40/Design/Syncfusion.SfRadialMenu.WPF.Expression.Design.dll",
        "lib/net40/Design/Syncfusion.SfRadialMenu.Wpf.VisualStudio.Design.dll",
        "lib/net40/Syncfusion.SfRadialMenu.WPF.dll",
        "lib/net40/Syncfusion.SfRadialMenu.WPF.xml",
        "lib/net45/Design/Syncfusion.Design.Wpf.dll",
        "lib/net45/Design/Syncfusion.SfRadialMenu.WPF.DesignTools.dll",
        "lib/net45/Design/Syncfusion.SfRadialMenu.WPF.Expression.Design.dll",
        "lib/net45/Design/Syncfusion.SfRadialMenu.Wpf.VisualStudio.Design.dll",
        "lib/net45/Syncfusion.SfRadialMenu.WPF.dll",
        "lib/net45/Syncfusion.SfRadialMenu.WPF.xml",
        "lib/net451/Design/Syncfusion.Design.Wpf.dll",
        "lib/net451/Design/Syncfusion.SfRadialMenu.WPF.DesignTools.dll",
        "lib/net451/Design/Syncfusion.SfRadialMenu.WPF.Expression.Design.dll",
        "lib/net451/Design/Syncfusion.SfRadialMenu.Wpf.VisualStudio.Design.dll",
        "lib/net451/Syncfusion.SfRadialMenu.WPF.dll",
        "lib/net451/Syncfusion.SfRadialMenu.WPF.xml",
        "lib/net46/Design/Syncfusion.Design.Wpf.dll",
        "lib/net46/Design/Syncfusion.SfRadialMenu.WPF.DesignTools.dll",
        "lib/net46/Design/Syncfusion.SfRadialMenu.WPF.Expression.Design.dll",
        "lib/net46/Design/Syncfusion.SfRadialMenu.Wpf.VisualStudio.Design.dll",
        "lib/net46/Syncfusion.SfRadialMenu.WPF.dll",
        "lib/net46/Syncfusion.SfRadialMenu.WPF.xml",
        "lib/net6.0-windows7.0/Design/Syncfusion.SfRadialMenu.WPF.DesignTools.dll",
        "lib/net6.0-windows7.0/Syncfusion.SfRadialMenu.WPF.dll",
        "lib/net6.0-windows7.0/Syncfusion.SfRadialMenu.WPF.xml",
        "syncfusion.sfradialmenu.wpf.21.2.3.nupkg.sha512",
        "syncfusion.sfradialmenu.wpf.nuspec",
        "syncfusion_logo.png",
        "tools/VisualStudioToolsManifest.xml"
      ]
    },
    "Syncfusion.SfSkinManager.WPF/21.2.3": {
      "sha512": "0+9HatciWbwfRO/RhkR/T1WpGU+504d9GtAPi1zQLHnM9d/a1aP8W1pHS3SRBW+N7Bqd4wqLvjOhQGygyr3L2g==",
      "type": "package",
      "path": "syncfusion.sfskinmanager.wpf/21.2.3",
      "files": [
        ".nupkg.metadata",
        ".signature.p7s",
        "LICENSE.txt",
        "README.md",
        "lib/net40/Syncfusion.SfSkinManager.WPF.dll",
        "lib/net40/Syncfusion.SfSkinManager.WPF.xml",
        "lib/net45/Syncfusion.SfSkinManager.WPF.dll",
        "lib/net45/Syncfusion.SfSkinManager.WPF.xml",
        "lib/net451/Syncfusion.SfSkinManager.WPF.dll",
        "lib/net451/Syncfusion.SfSkinManager.WPF.xml",
        "lib/net46/Syncfusion.SfSkinManager.WPF.dll",
        "lib/net46/Syncfusion.SfSkinManager.WPF.xml",
        "lib/net6.0-windows7.0/Syncfusion.SfSkinManager.WPF.dll",
        "lib/net6.0-windows7.0/Syncfusion.SfSkinManager.WPF.xml",
        "syncfusion.sfskinmanager.wpf.21.2.3.nupkg.sha512",
        "syncfusion.sfskinmanager.wpf.nuspec",
        "syncfusion_logo.png"
      ]
    },
    "Syncfusion.Shared.WPF/21.2.3": {
      "sha512": "qtdQtWvsvhiKSMfUyL6dFMADKFuo6TUNzABVr38wQl/2cY4pEjqnX1afb15jMJNYvIknp7oyRH1bIktu8+idOw==",
      "type": "package",
      "path": "syncfusion.shared.wpf/21.2.3",
      "hasTools": true,
      "files": [
        ".nupkg.metadata",
        ".signature.p7s",
        "LICENSE.txt",
        "README.md",
        "lib/net40/Design/Syncfusion.Design.Wpf.dll",
        "lib/net40/Design/Syncfusion.Shared.WPF.DesignTools.dll",
        "lib/net40/Design/Syncfusion.Shared.Wpf.Expression.Design.dll",
        "lib/net40/Design/Syncfusion.Shared.Wpf.VisualStudio.Design.dll",
        "lib/net40/Design/Syncfusion.Shared.Wpf.dll.Design.dll",
        "lib/net40/Syncfusion.Shared.WPF.dll",
        "lib/net40/Syncfusion.Shared.WPF.xml",
        "lib/net45/Design/Syncfusion.Design.Wpf.dll",
        "lib/net45/Design/Syncfusion.Shared.WPF.DesignTools.dll",
        "lib/net45/Design/Syncfusion.Shared.Wpf.Expression.Design.dll",
        "lib/net45/Design/Syncfusion.Shared.Wpf.VisualStudio.Design.dll",
        "lib/net45/Design/Syncfusion.Shared.Wpf.dll.Design.dll",
        "lib/net45/Syncfusion.Shared.WPF.dll",
        "lib/net45/Syncfusion.Shared.WPF.xml",
        "lib/net451/Design/Syncfusion.Design.Wpf.dll",
        "lib/net451/Design/Syncfusion.Shared.WPF.DesignTools.dll",
        "lib/net451/Design/Syncfusion.Shared.Wpf.Expression.Design.dll",
        "lib/net451/Design/Syncfusion.Shared.Wpf.VisualStudio.Design.dll",
        "lib/net451/Design/Syncfusion.Shared.Wpf.dll.Design.dll",
        "lib/net451/Syncfusion.Shared.WPF.dll",
        "lib/net451/Syncfusion.Shared.WPF.xml",
        "lib/net46/Design/Syncfusion.Design.Wpf.dll",
        "lib/net46/Design/Syncfusion.Shared.WPF.DesignTools.dll",
        "lib/net46/Design/Syncfusion.Shared.Wpf.Expression.Design.dll",
        "lib/net46/Design/Syncfusion.Shared.Wpf.VisualStudio.Design.dll",
        "lib/net46/Design/Syncfusion.Shared.Wpf.dll.Design.dll",
        "lib/net46/Syncfusion.Shared.WPF.dll",
        "lib/net46/Syncfusion.Shared.WPF.xml",
        "lib/net6.0-windows7.0/Design/Syncfusion.Shared.WPF.DesignTools.dll",
        "lib/net6.0-windows7.0/Syncfusion.Shared.WPF.dll",
        "lib/net6.0-windows7.0/Syncfusion.Shared.WPF.xml",
        "syncfusion.shared.wpf.21.2.3.nupkg.sha512",
        "syncfusion.shared.wpf.nuspec",
        "syncfusion_logo.png",
        "tools/VisualStudioToolsManifest.xml"
      ]
    },
    "Syncfusion.Shared.WPF.Classic/21.2.3": {
      "sha512": "s6ocsufBpt7LvUTn665ydC6NCd8wh1LB3rvrhCHUynV6FYi/9/IZfZob8aZyl5GY/H7VdgsDegMRufDHcEsILw==",
      "type": "package",
      "path": "syncfusion.shared.wpf.classic/21.2.3",
      "files": [
        ".nupkg.metadata",
        ".signature.p7s",
        "LICENSE.txt",
        "README.md",
        "lib/net40/Syncfusion.Shared.WPF.Classic.dll",
        "lib/net40/Syncfusion.Shared.WPF.Classic.xml",
        "lib/net45/Syncfusion.Shared.WPF.Classic.dll",
        "lib/net45/Syncfusion.Shared.WPF.Classic.xml",
        "lib/net451/Syncfusion.Shared.WPF.Classic.dll",
        "lib/net451/Syncfusion.Shared.WPF.Classic.xml",
        "lib/net46/Syncfusion.Shared.WPF.Classic.dll",
        "lib/net46/Syncfusion.Shared.WPF.Classic.xml",
        "lib/net6.0-windows7.0/Syncfusion.Shared.WPF.Classic.dll",
        "lib/net6.0-windows7.0/Syncfusion.Shared.WPF.Classic.xml",
        "syncfusion.shared.wpf.classic.21.2.3.nupkg.sha512",
        "syncfusion.shared.wpf.classic.nuspec",
        "syncfusion_logo.png"
      ]
    },
    "Syncfusion.Themes.FluentLight.WPF/21.2.3": {
      "sha512": "smgD9ev+Jl/nJl0bEoDHmpoinjJZ347VwPl+J7yEszzo37rf7rO+jZKpGcTxlEtFMsYLBA/Sui+4MKzcDm2XoQ==",
      "type": "package",
      "path": "syncfusion.themes.fluentlight.wpf/21.2.3",
      "files": [
        ".nupkg.metadata",
        ".signature.p7s",
        "LICENSE.txt",
        "README.md",
        "lib/net45/Syncfusion.Themes.FluentLight.WPF.dll",
        "lib/net45/Syncfusion.Themes.FluentLight.WPF.xml",
        "lib/net451/Syncfusion.Themes.FluentLight.WPF.dll",
        "lib/net451/Syncfusion.Themes.FluentLight.WPF.xml",
        "lib/net46/Syncfusion.Themes.FluentLight.WPF.dll",
        "lib/net46/Syncfusion.Themes.FluentLight.WPF.xml",
        "lib/net6.0-windows7.0/Syncfusion.Themes.FluentLight.WPF.dll",
        "lib/net6.0-windows7.0/Syncfusion.Themes.FluentLight.WPF.xml",
        "syncfusion.themes.fluentlight.wpf.21.2.3.nupkg.sha512",
        "syncfusion.themes.fluentlight.wpf.nuspec",
        "syncfusion_logo.png"
      ]
    },
    "Syncfusion.Tools.WPF/21.2.3": {
      "sha512": "80KeNbW8OfIzXvsfMPlU5so7bi7ndA/o+XG9zAR2+HbyFKbCM/gh/KjKVhlsvSTmC56cS4OoHUNif0DLrVhTbQ==",
      "type": "package",
      "path": "syncfusion.tools.wpf/21.2.3",
      "hasTools": true,
      "files": [
        ".nupkg.metadata",
        ".signature.p7s",
        "LICENSE.txt",
        "README.md",
        "lib/net40/Design/Syncfusion.Design.Wpf.dll",
        "lib/net40/Design/Syncfusion.Tools.WPF.DesignTools.dll",
        "lib/net40/Design/Syncfusion.Tools.Wpf.Expression.Design.dll",
        "lib/net40/Design/Syncfusion.Tools.Wpf.VisualStudio.Design.dll",
        "lib/net40/Design/Syncfusion.Tools.Wpf.dll.Design.dll",
        "lib/net40/Syncfusion.Tools.WPF.dll",
        "lib/net40/Syncfusion.Tools.WPF.xml",
        "lib/net45/Design/Syncfusion.Design.Wpf.dll",
        "lib/net45/Design/Syncfusion.Tools.WPF.DesignTools.dll",
        "lib/net45/Design/Syncfusion.Tools.Wpf.Expression.Design.dll",
        "lib/net45/Design/Syncfusion.Tools.Wpf.VisualStudio.Design.dll",
        "lib/net45/Design/Syncfusion.Tools.Wpf.dll.Design.dll",
        "lib/net45/Syncfusion.Tools.WPF.dll",
        "lib/net45/Syncfusion.Tools.WPF.xml",
        "lib/net451/Design/Syncfusion.Design.Wpf.dll",
        "lib/net451/Design/Syncfusion.Tools.WPF.DesignTools.dll",
        "lib/net451/Design/Syncfusion.Tools.Wpf.Expression.Design.dll",
        "lib/net451/Design/Syncfusion.Tools.Wpf.VisualStudio.Design.dll",
        "lib/net451/Design/Syncfusion.Tools.Wpf.dll.Design.dll",
        "lib/net451/Syncfusion.Tools.WPF.dll",
        "lib/net451/Syncfusion.Tools.WPF.xml",
        "lib/net46/Design/Syncfusion.Design.Wpf.dll",
        "lib/net46/Design/Syncfusion.Tools.WPF.DesignTools.dll",
        "lib/net46/Design/Syncfusion.Tools.Wpf.Expression.Design.dll",
        "lib/net46/Design/Syncfusion.Tools.Wpf.VisualStudio.Design.dll",
        "lib/net46/Design/Syncfusion.Tools.Wpf.dll.Design.dll",
        "lib/net46/Syncfusion.Tools.WPF.dll",
        "lib/net46/Syncfusion.Tools.WPF.xml",
        "lib/net6.0-windows7.0/Design/Syncfusion.Tools.WPF.DesignTools.dll",
        "lib/net6.0-windows7.0/Syncfusion.Tools.WPF.dll",
        "lib/net6.0-windows7.0/Syncfusion.Tools.WPF.xml",
        "syncfusion.tools.wpf.21.2.3.nupkg.sha512",
        "syncfusion.tools.wpf.nuspec",
        "syncfusion_logo.png",
        "tools/VisualStudioToolsManifest.xml"
      ]
    },
    "Syncfusion.Tools.WPF.Classic/21.2.3": {
      "sha512": "SBWkfCjLrjkyiqYH8Sfo2Kn2MaA+u+gz9INWvOCc0Jq5idw6XGOWxbxPP429GzFr2Lh8zrKr1er5zSbzODJIzA==",
      "type": "package",
      "path": "syncfusion.tools.wpf.classic/21.2.3",
      "files": [
        ".nupkg.metadata",
        ".signature.p7s",
        "LICENSE.txt",
        "README.md",
        "lib/net40/Syncfusion.Tools.WPF.Classic.dll",
        "lib/net40/Syncfusion.Tools.WPF.Classic.xml",
        "lib/net45/Syncfusion.Tools.WPF.Classic.dll",
        "lib/net45/Syncfusion.Tools.WPF.Classic.xml",
        "lib/net451/Syncfusion.Tools.WPF.Classic.dll",
        "lib/net451/Syncfusion.Tools.WPF.Classic.xml",
        "lib/net46/Syncfusion.Tools.WPF.Classic.dll",
        "lib/net46/Syncfusion.Tools.WPF.Classic.xml",
        "lib/net6.0-windows7.0/Syncfusion.Tools.WPF.Classic.dll",
        "lib/net6.0-windows7.0/Syncfusion.Tools.WPF.Classic.xml",
        "syncfusion.tools.wpf.classic.21.2.3.nupkg.sha512",
        "syncfusion.tools.wpf.classic.nuspec",
        "syncfusion_logo.png"
      ]
    }
  },
  "projectFileDependencyGroups": {
    "net6.0-windows7.0": [
      "Syncfusion.Licensing >= 21.2.3",
      "Syncfusion.SfDiagram.WPF >= 21.2.3",
      "Syncfusion.SfDiagramRibbon.WPF >= 21.2.3",
      "Syncfusion.SfInput.WPF >= 21.2.3",
      "Syncfusion.SfRadialMenu.WPF >= 21.2.3",
      "Syncfusion.SfSkinManager.WPF >= 21.2.3",
      "Syncfusion.Shared.WPF >= 21.2.3",
      "Syncfusion.Shared.WPF.Classic >= 21.2.3",
      "Syncfusion.Themes.FluentLight.WPF >= 21.2.3",
      "Syncfusion.Tools.WPF >= 21.2.3",
      "Syncfusion.Tools.WPF.Classic >= 21.2.3"
    ]
  },
  "packageFolders": {
    "C:\\Users\\jay\\.nuget\\packages\\": {},
    "C:\\Program Files (x86)\\Microsoft Visual Studio\\Shared\\NuGetPackages": {},
    "C:\\Program Files (x86)\\Syncfusion\\Essential Studio\\WPF\\21.2.3\\ToolboxNuGetPackages": {},
    "C:\\Program Files\\dotnet\\sdk\\NuGetFallbackFolder": {}
  },
  "project": {
    "version": "1.0.0",
    "restore": {
      "projectUniqueName": "D:\\git\\wpf-demos\\showcase\\diagram builder\\syncfusion.diagrambuilder.wpf_lib_60.csproj",
      "projectName": "syncfusion.diagrambuilder.wpf",
      "projectPath": "D:\\git\\wpf-demos\\showcase\\diagram builder\\syncfusion.diagrambuilder.wpf_lib_60.csproj",
      "packagesPath": "C:\\Users\\jay\\.nuget\\packages\\",
      "outputPath": "D:\\git\\wpf-demos\\showcase\\diagram builder\\obj_60\\",
      "projectStyle": "PackageReference",
      "fallbackFolders": [
        "C:\\Program Files (x86)\\Microsoft Visual Studio\\Shared\\NuGetPackages",
        "C:\\Program Files (x86)\\Syncfusion\\Essential Studio\\WPF\\21.2.3\\ToolboxNuGetPackages",
        "C:\\Program Files\\dotnet\\sdk\\NuGetFallbackFolder"
      ],
      "configFilePaths": [
        "C:\\Users\\jay\\AppData\\Roaming\\NuGet\\NuGet.Config",
        "C:\\Program Files (x86)\\NuGet\\Config\\Microsoft.VisualStudio.FallbackLocation.config",
        "C:\\Program Files (x86)\\NuGet\\Config\\Microsoft.VisualStudio.Offline.config",
        "C:\\Program Files (x86)\\NuGet\\Config\\Syncfusion Toolbox for WPF.config"
      ],
      "originalTargetFrameworks": [
        "net6.0-windows"
      ],
      "sources": {
        "C:\\Program Files (x86)\\Microsoft SDKs\\NuGetPackages\\": {},
        "https://api.nuget.org/v3/index.json": {}
      },
      "frameworks": {
        "net6.0-windows7.0": {
          "targetAlias": "net6.0-windows",
          "projectReferences": {}
        }
      },
      "warningProperties": {
        "warnAsError": [
          "NU1605"
        ]
      }
    },
    "frameworks": {
      "net6.0-windows7.0": {
        "targetAlias": "net6.0-windows",
        "dependencies": {
          "Syncfusion.Licensing": {
            "target": "Package",
            "version": "[21.2.3, )"
          },
          "Syncfusion.SfDiagram.WPF": {
            "target": "Package",
            "version": "[21.2.3, )"
          },
          "Syncfusion.SfDiagramRibbon.WPF": {
            "target": "Package",
            "version": "[21.2.3, )"
          },
          "Syncfusion.SfInput.WPF": {
            "target": "Package",
            "version": "[21.2.3, )"
          },
          "Syncfusion.SfRadialMenu.WPF": {
            "target": "Package",
            "version": "[21.2.3, )"
          },
          "Syncfusion.SfSkinManager.WPF": {
            "target": "Package",
            "version": "[21.2.3, )"
          },
          "Syncfusion.Shared.WPF": {
            "target": "Package",
            "version": "[21.2.3, )"
          },
          "Syncfusion.Shared.WPF.Classic": {
            "target": "Package",
            "version": "[21.2.3, )"
          },
          "Syncfusion.Themes.FluentLight.WPF": {
            "target": "Package",
            "version": "[21.2.3, )"
          },
          "Syncfusion.Tools.WPF": {
            "target": "Package",
            "version": "[21.2.3, )"
          },
          "Syncfusion.Tools.WPF.Classic": {
            "target": "Package",
            "version": "[21.2.3, )"
          }
        },
        "imports": [
          "net461",
          "net462",
          "net47",
          "net471",
          "net472",
          "net48",
          "net481"
        ],
        "assetTargetFallback": true,
        "warn": true,
        "frameworkReferences": {
          "Microsoft.NETCore.App": {
            "privateAssets": "all"
          },
          "Microsoft.WindowsDesktop.App": {
            "privateAssets": "none"
          }
        },
        "runtimeIdentifierGraphPath": "C:\\Program Files\\dotnet\\sdk\\7.0.203\\RuntimeIdentifierGraph.json"
      }
    }
  }
}